
Microsoft Visual Studio Solution File, Format Version 12.00
# Visual Studio Version 17
VisualStudioVersion = 17.14.36408.4 d17.14
MinimumVisualStudioVersion = 10.0.40219.1
Project("{FAE04EC0-301F-11D3-BF4B-00C04F79EFBC}") = "FuncionarioCadastro", "FuncionarioCadastro\FuncionarioCadastro.csproj", "{74D04CD6-D7D2-4563-AA51-21031D761662}"
EndProject
Project("{FAE04EC0-301F-11D3-BF4B-00C04F79EFBC}") = "FuncionarioCadastroWeb", "FuncionarioCadastroWeb\FuncionarioCadastroWeb.csproj", "{8CFA6F0E-DC4B-4F62-BD9E-6E9F12962810}"
EndProject
Global
	GlobalSection(SolutionConfigurationPlatforms) = preSolution
		Debug|Any CPU = Debug|Any CPU
		Release|Any CPU = Release|Any CPU
	EndGlobalSection
	GlobalSection(ProjectConfigurationPlatforms) = postSolution
		{74D04CD6-D7D2-4563-AA51-21031D761662}.Debug|Any CPU.ActiveCfg = Debug|Any CPU
		{74D04CD6-D7D2-4563-AA51-21031D761662}.Debug|Any CPU.Build.0 = Debug|Any CPU
		{74D04CD6-D7D2-4563-AA51-21031D761662}.Release|Any CPU.ActiveCfg = Release|Any CPU
		{74D04CD6-D7D2-4563-AA51-21031D761662}.Release|Any CPU.Build.0 = Release|Any CPU
		{8CFA6F0E-DC4B-4F62-BD9E-6E9F12962810}.Debug|Any CPU.ActiveCfg = Debug|Any CPU
		{8CFA6F0E-DC4B-4F62-BD9E-6E9F12962810}.Debug|Any CPU.Build.0 = Debug|Any CPU
		{8CFA6F0E-DC4B-4F62-BD9E-6E9F12962810}.Release|Any CPU.ActiveCfg = Release|Any CPU
		{8CFA6F0E-DC4B-4F62-BD9E-6E9F12962810}.Release|Any CPU.Build.0 = Release|Any CPU
	EndGlobalSection
	GlobalSection(SolutionProperties) = preSolution
		HideSolutionNode = FALSE
	EndGlobalSection
	GlobalSection(ExtensibilityGlobals) = postSolution
		SolutionGuid = {1AA22F76-8F2A-4E84-B57F-0C9828BB34B6}
	EndGlobalSection
EndGlobal
